// !$*UTF8*$!
{
	archiveVersion = 1;
	classes = {
	};
	objectVersion = 56;
	objects = {

/* Begin PBXBuildFile section */
		6D0CD9E52D3FBF0E00FE6F66 /* CurrencyService.swift in Sources */ = {isa = PBXBuildFile; fileRef = 6D0CD9E42D3FBF0E00FE6F66 /* CurrencyService.swift */; };
		6D0CD9E92D3FC33300FE6F66 /* APIConfig.swift in Sources */ = {isa = PBXBuildFile; fileRef = 6D0CD9E82D3FC33300FE6F66 /* APIConfig.swift */; };
		6D0CD9ED2D400C1F00FE6F66 /* BudgetView.swift in Sources */ = {isa = PBXBuildFile; fileRef = 6D0CD9EC2D400C1F00FE6F66 /* BudgetView.swift */; };
		6D0CD9F02D400C3500FE6F66 /* AnimatedNumberView.swift in Sources */ = {isa = PBXBuildFile; fileRef = 6D0CD9EF2D400C3500FE6F66 /* AnimatedNumberView.swift */; };
		6DF1DC932D3FBA8F00FDB264 /* AddExpenseView.swift in Sources */ = {isa = PBXBuildFile; fileRef = 6DF1DC922D3FBA8F00FDB264 /* AddExpenseView.swift */; };
		A3711AC22D29F8C200BCCC7F /* TripViewModel.swift in Sources */ = {isa = PBXBuildFile; fileRef = A3711AC12D29F8C200BCCC7F /* TripViewModel.swift */; };
		A3711AC42D29F94600BCCC7F /* ItineraryView.swift in Sources */ = {isa = PBXBuildFile; fileRef = A3711AC32D29F94600BCCC7F /* ItineraryView.swift */; };
		A3711AC62D29FAD900BCCC7F /* AddTripView.swift in Sources */ = {isa = PBXBuildFile; fileRef = A3711AC52D29FAD900BCCC7F /* AddTripView.swift */; };
		A3711AC82D29FB4E00BCCC7F /* TripCardView.swift in Sources */ = {isa = PBXBuildFile; fileRef = A3711AC72D29FB4E00BCCC7F /* TripCardView.swift */; };
		A3711ACA2D2A028E00BCCC7F /* TripDetailsView.swift in Sources */ = {isa = PBXBuildFile; fileRef = A3711AC92D2A028E00BCCC7F /* TripDetailsView.swift */; };
		A372F7A72D29CD98002ADD73 /* Trip.swift in Sources */ = {isa = PBXBuildFile; fileRef = A372F7A62D29CD98002ADD73 /* Trip.swift */; };
		A372F7AB2D29CF67002ADD73 /* ItineraryCard.swift in Sources */ = {isa = PBXBuildFile; fileRef = A372F7AA2D29CF67002ADD73 /* ItineraryCard.swift */; };
		A372F7AD2D29D052002ADD73 /* Day.swift in Sources */ = {isa = PBXBuildFile; fileRef = A372F7AC2D29D052002ADD73 /* Day.swift */; };
		A372F7AF2D29D087002ADD73 /* Activity.swift in Sources */ = {isa = PBXBuildFile; fileRef = A372F7AE2D29D087002ADD73 /* Activity.swift */; };
		A372F7B12D29D0B1002ADD73 /* Accommodation.swift in Sources */ = {isa = PBXBuildFile; fileRef = A372F7B02D29D0B1002ADD73 /* Accommodation.swift */; };
		A372F7B32D29D0D2002ADD73 /* Transportation.swift in Sources */ = {isa = PBXBuildFile; fileRef = A372F7B22D29D0D2002ADD73 /* Transportation.swift */; };
		A372F7B52D29D13E002ADD73 /* AddTripButton.swift in Sources */ = {isa = PBXBuildFile; fileRef = A372F7B42D29D13E002ADD73 /* AddTripButton.swift */; };
		A372F7B72D29D18B002ADD73 /* MainView.swift in Sources */ = {isa = PBXBuildFile; fileRef = A372F7B62D29D18B002ADD73 /* MainView.swift */; };
		A3D3C7122D2B001B00019779 /* AddActivityView.swift in Sources */ = {isa = PBXBuildFile; fileRef = A3D3C7112D2B001B00019779 /* AddActivityView.swift */; };
		A3DF5CED2D2B3D150075D212 /* EditTripView.swift in Sources */ = {isa = PBXBuildFile; fileRef = A3DF5CEC2D2B3D150075D212 /* EditTripView.swift */; };
		A3E902302D2996EC00F0E6F1 /* App_IosApp.swift in Sources */ = {isa = PBXBuildFile; fileRef = A3E9022F2D2996EC00F0E6F1 /* App_IosApp.swift */; };
		A3E902322D2996EC00F0E6F1 /* ContentView.swift in Sources */ = {isa = PBXBuildFile; fileRef = A3E902312D2996EC00F0E6F1 /* ContentView.swift */; };
		A3E902342D2996EE00F0E6F1 /* Assets.xcassets in Resources */ = {isa = PBXBuildFile; fileRef = A3E902332D2996EE00F0E6F1 /* Assets.xcassets */; };
		A3E902372D2996EE00F0E6F1 /* Preview Assets.xcassets in Resources */ = {isa = PBXBuildFile; fileRef = A3E902362D2996EE00F0E6F1 /* Preview Assets.xcassets */; };
/* End PBXBuildFile section */

/* Begin PBXFileReference section */
		6D0CD9E42D3FBF0E00FE6F66 /* CurrencyService.swift */ = {isa = PBXFileReference; fileEncoding = 4; lastKnownFileType = sourcecode.swift; path = CurrencyService.swift; sourceTree = "<group>"; };
		6D0CD9E82D3FC33300FE6F66 /* APIConfig.swift */ = {isa = PBXFileReference; fileEncoding = 4; lastKnownFileType = sourcecode.swift; path = APIConfig.swift; sourceTree = "<group>"; };
		6D0CD9EC2D400C1F00FE6F66 /* BudgetView.swift */ = {isa = PBXFileReference; fileEncoding = 4; lastKnownFileType = sourcecode.swift; path = BudgetView.swift; sourceTree = "<group>"; };
		6D0CD9EF2D400C3500FE6F66 /* AnimatedNumberView.swift */ = {isa = PBXFileReference; fileEncoding = 4; lastKnownFileType = sourcecode.swift; path = AnimatedNumberView.swift; sourceTree = "<group>"; };
		6DF1DC922D3FBA8F00FDB264 /* AddExpenseView.swift */ = {isa = PBXFileReference; fileEncoding = 4; lastKnownFileType = sourcecode.swift; path = AddExpenseView.swift; sourceTree = "<group>"; };
		A3711AC12D29F8C200BCCC7F /* TripViewModel.swift */ = {isa = PBXFileReference; lastKnownFileType = sourcecode.swift; path = TripViewModel.swift; sourceTree = "<group>"; };
		A3711AC32D29F94600BCCC7F /* ItineraryView.swift */ = {isa = PBXFileReference; lastKnownFileType = sourcecode.swift; path = ItineraryView.swift; sourceTree = "<group>"; };
		A3711AC52D29FAD900BCCC7F /* AddTripView.swift */ = {isa = PBXFileReference; lastKnownFileType = sourcecode.swift; path = AddTripView.swift; sourceTree = "<group>"; };
		A3711AC72D29FB4E00BCCC7F /* TripCardView.swift */ = {isa = PBXFileReference; lastKnownFileType = sourcecode.swift; path = TripCardView.swift; sourceTree = "<group>"; };
		A3711AC92D2A028E00BCCC7F /* TripDetailsView.swift */ = {isa = PBXFileReference; lastKnownFileType = sourcecode.swift; path = TripDetailsView.swift; sourceTree = "<group>"; };
		A372F7A62D29CD98002ADD73 /* Trip.swift */ = {isa = PBXFileReference; lastKnownFileType = sourcecode.swift; path = Trip.swift; sourceTree = "<group>"; };
		A372F7AA2D29CF67002ADD73 /* ItineraryCard.swift */ = {isa = PBXFileReference; lastKnownFileType = sourcecode.swift; path = ItineraryCard.swift; sourceTree = "<group>"; };
		A372F7AC2D29D052002ADD73 /* Day.swift */ = {isa = PBXFileReference; lastKnownFileType = sourcecode.swift; path = Day.swift; sourceTree = "<group>"; };
		A372F7AE2D29D087002ADD73 /* Activity.swift */ = {isa = PBXFileReference; lastKnownFileType = sourcecode.swift; path = Activity.swift; sourceTree = "<group>"; };
		A372F7B02D29D0B1002ADD73 /* Accommodation.swift */ = {isa = PBXFileReference; lastKnownFileType = sourcecode.swift; path = Accommodation.swift; sourceTree = "<group>"; };
		A372F7B22D29D0D2002ADD73 /* Transportation.swift */ = {isa = PBXFileReference; lastKnownFileType = sourcecode.swift; path = Transportation.swift; sourceTree = "<group>"; };
		A372F7B42D29D13E002ADD73 /* AddTripButton.swift */ = {isa = PBXFileReference; lastKnownFileType = sourcecode.swift; path = AddTripButton.swift; sourceTree = "<group>"; };
		A372F7B62D29D18B002ADD73 /* MainView.swift */ = {isa = PBXFileReference; lastKnownFileType = sourcecode.swift; path = MainView.swift; sourceTree = "<group>"; };
		A3D3C7112D2B001B00019779 /* AddActivityView.swift */ = {isa = PBXFileReference; fileEncoding = 4; lastKnownFileType = sourcecode.swift; path = AddActivityView.swift; sourceTree = "<group>"; };
		A3DF5CEC2D2B3D150075D212 /* EditTripView.swift */ = {isa = PBXFileReference; fileEncoding = 4; lastKnownFileType = sourcecode.swift; path = EditTripView.swift; sourceTree = "<group>"; };
		A3E9022C2D2996EC00F0E6F1 /* App-Ios.app */ = {isa = PBXFileReference; explicitFileType = wrapper.application; includeInIndex = 0; path = "App-Ios.app"; sourceTree = BUILT_PRODUCTS_DIR; };
		A3E9022F2D2996EC00F0E6F1 /* App_IosApp.swift */ = {isa = PBXFileReference; lastKnownFileType = sourcecode.swift; path = App_IosApp.swift; sourceTree = "<group>"; };
		A3E902312D2996EC00F0E6F1 /* ContentView.swift */ = {isa = PBXFileReference; lastKnownFileType = sourcecode.swift; path = ContentView.swift; sourceTree = "<group>"; };
		A3E902332D2996EE00F0E6F1 /* Assets.xcassets */ = {isa = PBXFileReference; lastKnownFileType = folder.assetcatalog; path = Assets.xcassets; sourceTree = "<group>"; };
		A3E902362D2996EE00F0E6F1 /* Preview Assets.xcassets */ = {isa = PBXFileReference; lastKnownFileType = folder.assetcatalog; path = "Preview Assets.xcassets"; sourceTree = "<group>"; };
/* End PBXFileReference section */

/* Begin PBXFrameworksBuildPhase section */
		A3E902292D2996EC00F0E6F1 /* Frameworks */ = {
			isa = PBXFrameworksBuildPhase;
			buildActionMask = 2147483647;
			files = (
			);
			runOnlyForDeploymentPostprocessing = 0;
		};
/* End PBXFrameworksBuildPhase section */

/* Begin PBXGroup section */
		6D0CD9E32D3FBF0E00FE6F66 /* Services */ = {
			isa = PBXGroup;
			children = (
				6D0CD9E42D3FBF0E00FE6F66 /* CurrencyService.swift */,
			);
			path = Services;
			sourceTree = "<group>";
		};
		6D0CD9E72D3FC33300FE6F66 /* Config */ = {
			isa = PBXGroup;
			children = (
				6D0CD9E82D3FC33300FE6F66 /* APIConfig.swift */,
			);
			path = Config;
			sourceTree = "<group>";
		};
		6D0CD9EE2D400C3500FE6F66 /* Components */ = {
			isa = PBXGroup;
			children = (
				6D0CD9EF2D400C3500FE6F66 /* AnimatedNumberView.swift */,
			);
			path = Components;
			sourceTree = "<group>";
		};
		A372F7A32D29CD4A002ADD73 /* Models */ = {
			isa = PBXGroup;
			children = (
				A372F7B02D29D0B1002ADD73 /* Accommodation.swift */,
				A372F7AE2D29D087002ADD73 /* Activity.swift */,
				A372F7AC2D29D052002ADD73 /* Day.swift */,
				A372F7B22D29D0D2002ADD73 /* Transportation.swift */,
				A372F7A62D29CD98002ADD73 /* Trip.swift */,
			);
			path = Models;
			sourceTree = "<group>";
		};
		A372F7A42D29CD6D002ADD73 /* ViewModels */ = {
			isa = PBXGroup;
			children = (
				A3711AC12D29F8C200BCCC7F /* TripViewModel.swift */,
			);
			path = ViewModels;
			sourceTree = "<group>";
		};
		A372F7A52D29CD7C002ADD73 /* Views */ = {
			isa = PBXGroup;
			children = (
				6D0CD9EE2D400C3500FE6F66 /* Components */,
				6D0CD9EC2D400C1F00FE6F66 /* BudgetView.swift */,
				6DF1DC922D3FBA8F00FDB264 /* AddExpenseView.swift */,
				A3711AC52D29FAD900BCCC7F /* AddTripView.swift */,
				A3D3C7112D2B001B00019779 /* AddActivityView.swift */,
				A372F7B42D29D13E002ADD73 /* AddTripButton.swift */,
				A372F7AA2D29CF67002ADD73 /* ItineraryCard.swift */,
				A3711AC32D29F94600BCCC7F /* ItineraryView.swift */,
				A372F7B62D29D18B002ADD73 /* MainView.swift */,
				A3DF5CEC2D2B3D150075D212 /* EditTripView.swift */,
				A3711AC72D29FB4E00BCCC7F /* TripCardView.swift */,
				A3711AC92D2A028E00BCCC7F /* TripDetailsView.swift */,
			);
			path = Views;
			sourceTree = "<group>";
		};
		A3E902232D2996EC00F0E6F1 = {
			isa = PBXGroup;
			children = (
				A3E9022E2D2996EC00F0E6F1 /* App-Ios */,
				A3E9022D2D2996EC00F0E6F1 /* Products */,
			);
			sourceTree = "<group>";
		};
		A3E9022D2D2996EC00F0E6F1 /* Products */ = {
			isa = PBXGroup;
			children = (
				A3E9022C2D2996EC00F0E6F1 /* App-Ios.app */,
			);
			name = Products;
			sourceTree = "<group>";
		};
		A3E9022E2D2996EC00F0E6F1 /* App-Ios */ = {
			isa = PBXGroup;
			children = (
				6D0CD9E72D3FC33300FE6F66 /* Config */,
				6D0CD9E32D3FBF0E00FE6F66 /* Services */,
				A3E9022F2D2996EC00F0E6F1 /* App_IosApp.swift */,
				A3E902332D2996EE00F0E6F1 /* Assets.xcassets */,
				A3E902312D2996EC00F0E6F1 /* ContentView.swift */,
				A372F7A32D29CD4A002ADD73 /* Models */,
				A3E902352D2996EE00F0E6F1 /* Preview Content */,
				A372F7A42D29CD6D002ADD73 /* ViewModels */,
				A372F7A52D29CD7C002ADD73 /* Views */,
			);
			path = "App-Ios";
			sourceTree = "<group>";
		};
		A3E902352D2996EE00F0E6F1 /* Preview Content */ = {
			isa = PBXGroup;
			children = (
				A3E902362D2996EE00F0E6F1 /* Preview Assets.xcassets */,
			);
			path = "Preview Content";
			sourceTree = "<group>";
		};
/* End PBXGroup section */

/* Begin PBXNativeTarget section */
		A3E9022B2D2996EC00F0E6F1 /* App-Ios */ = {
			isa = PBXNativeTarget;
			buildConfigurationList = A3E9023A2D2996EE00F0E6F1 /* Build configuration list for PBXNativeTarget "App-Ios" */;
			buildPhases = (
				A3E902282D2996EC00F0E6F1 /* Sources */,
				A3E902292D2996EC00F0E6F1 /* Frameworks */,
				A3E9022A2D2996EC00F0E6F1 /* Resources */,
			);
			buildRules = (
			);
			dependencies = (
			);
			name = "App-Ios";
			productName = "App-Ios";
			productReference = A3E9022C2D2996EC00F0E6F1 /* App-Ios.app */;
			productType = "com.apple.product-type.application";
		};
/* End PBXNativeTarget section */

/* Begin PBXProject section */
		A3E902242D2996EC00F0E6F1 /* Project object */ = {
			isa = PBXProject;
			attributes = {
				BuildIndependentTargetsInParallel = 1;
				LastSwiftUpdateCheck = 1430;
				LastUpgradeCheck = 1430;
				TargetAttributes = {
					A3E9022B2D2996EC00F0E6F1 = {
						CreatedOnToolsVersion = 14.3.1;
					};
				};
			};
			buildConfigurationList = A3E902272D2996EC00F0E6F1 /* Build configuration list for PBXProject "App-Ios" */;
			compatibilityVersion = "Xcode 14.0";
			developmentRegion = en;
			hasScannedForEncodings = 0;
			knownRegions = (
				en,
				Base,
			);
			mainGroup = A3E902232D2996EC00F0E6F1;
			productRefGroup = A3E9022D2D2996EC00F0E6F1 /* Products */;
			projectDirPath = "";
			projectRoot = "";
			targets = (
				A3E9022B2D2996EC00F0E6F1 /* App-Ios */,
			);
		};
/* End PBXProject section */

/* Begin PBXResourcesBuildPhase section */
		A3E9022A2D2996EC00F0E6F1 /* Resources */ = {
			isa = PBXResourcesBuildPhase;
			buildActionMask = 2147483647;
			files = (
				A3E902372D2996EE00F0E6F1 /* Preview Assets.xcassets in Resources */,
				A3E902342D2996EE00F0E6F1 /* Assets.xcassets in Resources */,
			);
			runOnlyForDeploymentPostprocessing = 0;
		};
/* End PBXResourcesBuildPhase section */

/* Begin PBXSourcesBuildPhase section */
		A3E902282D2996EC00F0E6F1 /* Sources */ = {
			isa = PBXSourcesBuildPhase;
			buildActionMask = 2147483647;
			files = (
				A3711AC62D29FAD900BCCC7F /* AddTripView.swift in Sources */,
				A3D3C7122D2B001B00019779 /* AddActivityView.swift in Sources */,
				A372F7AF2D29D087002ADD73 /* Activity.swift in Sources */,
				A372F7A72D29CD98002ADD73 /* Trip.swift in Sources */,
				6D0CD9F02D400C3500FE6F66 /* AnimatedNumberView.swift in Sources */,
				6D0CD9ED2D400C1F00FE6F66 /* BudgetView.swift in Sources */,
				A3E902322D2996EC00F0E6F1 /* ContentView.swift in Sources */,
				A3DF5CED2D2B3D150075D212 /* EditTripView.swift in Sources */,
				A372F7B72D29D18B002ADD73 /* MainView.swift in Sources */,
				A3E902302D2996EC00F0E6F1 /* App_IosApp.swift in Sources */,
				A372F7AD2D29D052002ADD73 /* Day.swift in Sources */,
				6DF1DC932D3FBA8F00FDB264 /* AddExpenseView.swift in Sources */,
				6D0CD9E52D3FBF0E00FE6F66 /* CurrencyService.swift in Sources */,
				A372F7AB2D29CF67002ADD73 /* ItineraryCard.swift in Sources */,
				A3711ACA2D2A028E00BCCC7F /* TripDetailsView.swift in Sources */,
				A372F7B12D29D0B1002ADD73 /* Accommodation.swift in Sources */,
				6D0CD9E92D3FC33300FE6F66 /* APIConfig.swift in Sources */,
				A3711AC42D29F94600BCCC7F /* ItineraryView.swift in Sources */,
				A372F7B32D29D0D2002ADD73 /* Transportation.swift in Sources */,
				A3711AC22D29F8C200BCCC7F /* TripViewModel.swift in Sources */,
				A372F7B52D29D13E002ADD73 /* AddTripButton.swift in Sources */,
				A3711AC82D29FB4E00BCCC7F /* TripCardView.swift in Sources */,
			);
			runOnlyForDeploymentPostprocessing = 0;
		};
/* End PBXSourcesBuildPhase section */

/* Begin XCBuildConfiguration section */
		A3E902382D2996EE00F0E6F1 /* Debug */ = {
			isa = XCBuildConfiguration;
			buildSettings = {
				ALWAYS_SEARCH_USER_PATHS = NO;
				CLANG_ANALYZER_NONNULL = YES;
				CLANG_ANALYZER_NUMBER_OBJECT_CONVERSION = YES_AGGRESSIVE;
				CLANG_CXX_LANGUAGE_STANDARD = "gnu++20";
				CLANG_ENABLE_MODULES = YES;
				CLANG_ENABLE_OBJC_ARC = YES;
				CLANG_ENABLE_OBJC_WEAK = YES;
				CLANG_WARN_BLOCK_CAPTURE_AUTORELEASING = YES;
				CLANG_WARN_BOOL_CONVERSION = YES;
				CLANG_WARN_COMMA = YES;
				CLANG_WARN_CONSTANT_CONVERSION = YES;
				CLANG_WARN_DEPRECATED_OBJC_IMPLEMENTATIONS = YES;
				CLANG_WARN_DIRECT_OBJC_ISA_USAGE = YES_ERROR;
				CLANG_WARN_DOCUMENTATION_COMMENTS = YES;
				CLANG_WARN_EMPTY_BODY = YES;
				CLANG_WARN_ENUM_CONVERSION = YES;
				CLANG_WARN_INFINITE_RECURSION = YES;
				CLANG_WARN_INT_CONVERSION = YES;
				CLANG_WARN_NON_LITERAL_NULL_CONVERSION = YES;
				CLANG_WARN_OBJC_IMPLICIT_RETAIN_SELF = YES;
				CLANG_WARN_OBJC_LITERAL_CONVERSION = YES;
				CLANG_WARN_OBJC_ROOT_CLASS = YES_ERROR;
				CLANG_WARN_QUOTED_INCLUDE_IN_FRAMEWORK_HEADER = YES;
				CLANG_WARN_RANGE_LOOP_ANALYSIS = YES;
				CLANG_WARN_STRICT_PROTOTYPES = YES;
				CLANG_WARN_SUSPICIOUS_MOVE = YES;
				CLANG_WARN_UNGUARDED_AVAILABILITY = YES_AGGRESSIVE;
				CLANG_WARN_UNREACHABLE_CODE = YES;
				CLANG_WARN__DUPLICATE_METHOD_MATCH = YES;
				COPY_PHASE_STRIP = NO;
				DEBUG_INFORMATION_FORMAT = dwarf;
				ENABLE_STRICT_OBJC_MSGSEND = YES;
				ENABLE_TESTABILITY = YES;
				GCC_C_LANGUAGE_STANDARD = gnu11;
				GCC_DYNAMIC_NO_PIC = NO;
				GCC_NO_COMMON_BLOCKS = YES;
				GCC_OPTIMIZATION_LEVEL = 0;
				GCC_PREPROCESSOR_DEFINITIONS = (
					"DEBUG=1",
					"$(inherited)",
				);
				GCC_WARN_64_TO_32_BIT_CONVERSION = YES;
				GCC_WARN_ABOUT_RETURN_TYPE = YES_ERROR;
				GCC_WARN_UNDECLARED_SELECTOR = YES;
				GCC_WARN_UNINITIALIZED_AUTOS = YES_AGGRESSIVE;
				GCC_WARN_UNUSED_FUNCTION = YES;
				GCC_WARN_UNUSED_VARIABLE = YES;
				IPHONEOS_DEPLOYMENT_TARGET = 16.4;
				MTL_ENABLE_DEBUG_INFO = INCLUDE_SOURCE;
				MTL_FAST_MATH = YES;
				ONLY_ACTIVE_ARCH = YES;
				SDKROOT = iphoneos;
				SWIFT_ACTIVE_COMPILATION_CONDITIONS = DEBUG;
				SWIFT_OPTIMIZATION_LEVEL = "-Onone";
			};
			name = Debug;
		};
		A3E902392D2996EE00F0E6F1 /* Release */ = {
			isa = XCBuildConfiguration;
			buildSettings = {
				ALWAYS_SEARCH_USER_PATHS = NO;
				CLANG_ANALYZER_NONNULL = YES;
				CLANG_ANALYZER_NUMBER_OBJECT_CONVERSION = YES_AGGRESSIVE;
				CLANG_CXX_LANGUAGE_STANDARD = "gnu++20";
				CLANG_ENABLE_MODULES = YES;
				CLANG_ENABLE_OBJC_ARC = YES;
				CLANG_ENABLE_OBJC_WEAK = YES;
				CLANG_WARN_BLOCK_CAPTURE_AUTORELEASING = YES;
				CLANG_WARN_BOOL_CONVERSION = YES;
				CLANG_WARN_COMMA = YES;
				CLANG_WARN_CONSTANT_CONVERSION = YES;
				CLANG_WARN_DEPRECATED_OBJC_IMPLEMENTATIONS = YES;
				CLANG_WARN_DIRECT_OBJC_ISA_USAGE = YES_ERROR;
				CLANG_WARN_DOCUMENTATION_COMMENTS = YES;
				CLANG_WARN_EMPTY_BODY = YES;
				CLANG_WARN_ENUM_CONVERSION = YES;
				CLANG_WARN_INFINITE_RECURSION = YES;
				CLANG_WARN_INT_CONVERSION = YES;
				CLANG_WARN_NON_LITERAL_NULL_CONVERSION = YES;
				CLANG_WARN_OBJC_IMPLICIT_RETAIN_SELF = YES;
				CLANG_WARN_OBJC_LITERAL_CONVERSION = YES;
				CLANG_WARN_OBJC_ROOT_CLASS = YES_ERROR;
				CLANG_WARN_QUOTED_INCLUDE_IN_FRAMEWORK_HEADER = YES;
				CLANG_WARN_RANGE_LOOP_ANALYSIS = YES;
				CLANG_WARN_STRICT_PROTOTYPES = YES;
				CLANG_WARN_SUSPICIOUS_MOVE = YES;
				CLANG_WARN_UNGUARDED_AVAILABILITY = YES_AGGRESSIVE;
				CLANG_WARN_UNREACHABLE_CODE = YES;
				CLANG_WARN__DUPLICATE_METHOD_MATCH = YES;
				COPY_PHASE_STRIP = NO;
				DEBUG_INFORMATION_FORMAT = "dwarf-with-dsym";
				ENABLE_NS_ASSERTIONS = NO;
				ENABLE_STRICT_OBJC_MSGSEND = YES;
				GCC_C_LANGUAGE_STANDARD = gnu11;
				GCC_NO_COMMON_BLOCKS = YES;
				GCC_WARN_64_TO_32_BIT_CONVERSION = YES;
				GCC_WARN_ABOUT_RETURN_TYPE = YES_ERROR;
				GCC_WARN_UNDECLARED_SELECTOR = YES;
				GCC_WARN_UNINITIALIZED_AUTOS = YES_AGGRESSIVE;
				GCC_WARN_UNUSED_FUNCTION = YES;
				GCC_WARN_UNUSED_VARIABLE = YES;
				IPHONEOS_DEPLOYMENT_TARGET = 16.4;
				MTL_ENABLE_DEBUG_INFO = NO;
				MTL_FAST_MATH = YES;
				SDKROOT = iphoneos;
				SWIFT_COMPILATION_MODE = wholemodule;
				SWIFT_OPTIMIZATION_LEVEL = "-O";
				VALIDATE_PRODUCT = YES;
			};
			name = Release;
		};
		A3E9023B2D2996EE00F0E6F1 /* Debug */ = {
			isa = XCBuildConfiguration;
			buildSettings = {
				ASSETCATALOG_COMPILER_APPICON_NAME = AppIcon;
				ASSETCATALOG_COMPILER_GLOBAL_ACCENT_COLOR_NAME = AccentColor;
				CODE_SIGN_STYLE = Automatic;
				CURRENT_PROJECT_VERSION = 1;
				DEVELOPMENT_ASSET_PATHS = "\"App-Ios/Preview Content\"";
				ENABLE_PREVIEWS = NO;
				GENERATE_INFOPLIST_FILE = YES;
				INFOPLIST_KEY_UIApplicationSceneManifest_Generation = YES;
				INFOPLIST_KEY_UIApplicationSupportsIndirectInputEvents = YES;
				INFOPLIST_KEY_UILaunchScreen_Generation = YES;
				INFOPLIST_KEY_UISupportedInterfaceOrientations_iPad = "UIInterfaceOrientationPortrait UIInterfaceOrientationPortraitUpsideDown UIInterfaceOrientationLandscapeLeft UIInterfaceOrientationLandscapeRight";
				INFOPLIST_KEY_UISupportedInterfaceOrientations_iPhone = "UIInterfaceOrientationPortrait UIInterfaceOrientationLandscapeLeft UIInterfaceOrientationLandscapeRight";
				LD_RUNPATH_SEARCH_PATHS = (
					"$(inherited)",
					"@executable_path/Frameworks",
				);
				MARKETING_VERSION = 1.0;
				PRODUCT_BUNDLE_IDENTIFIER = "app.App-Ios";
				PRODUCT_NAME = "$(TARGET_NAME)";
				SWIFT_EMIT_LOC_STRINGS = YES;
				SWIFT_VERSION = 5.0;
				TARGETED_DEVICE_FAMILY = "1,2";
			};
			name = Debug;
		};
		A3E9023C2D2996EE00F0E6F1 /* Release */ = {
			isa = XCBuildConfiguration;
			buildSettings = {
				ASSETCATALOG_COMPILER_APPICON_NAME = AppIcon;
				ASSETCATALOG_COMPILER_GLOBAL_ACCENT_COLOR_NAME = AccentColor;
				CODE_SIGN_STYLE = Automatic;
				CURRENT_PROJECT_VERSION = 1;
				DEVELOPMENT_ASSET_PATHS = "\"App-Ios/Preview Content\"";
				ENABLE_PREVIEWS = NO;
				GENERATE_INFOPLIST_FILE = YES;
				INFOPLIST_KEY_UIApplicationSceneManifest_Generation = YES;
				INFOPLIST_KEY_UIApplicationSupportsIndirectInputEvents = YES;
				INFOPLIST_KEY_UILaunchScreen_Generation = YES;
				INFOPLIST_KEY_UISupportedInterfaceOrientations_iPad = "UIInterfaceOrientationPortrait UIInterfaceOrientationPortraitUpsideDown UIInterfaceOrientationLandscapeLeft UIInterfaceOrientationLandscapeRight";
				INFOPLIST_KEY_UISupportedInterfaceOrientations_iPhone = "UIInterfaceOrientationPortrait UIInterfaceOrientationLandscapeLeft UIInterfaceOrientationLandscapeRight";
				LD_RUNPATH_SEARCH_PATHS = (
					"$(inherited)",
					"@executable_path/Frameworks",
				);
				MARKETING_VERSION = 1.0;
				PRODUCT_BUNDLE_IDENTIFIER = "app.App-Ios";
				PRODUCT_NAME = "$(TARGET_NAME)";
				SWIFT_EMIT_LOC_STRINGS = YES;
				SWIFT_VERSION = 5.0;
				TARGETED_DEVICE_FAMILY = "1,2";
			};
			name = Release;
		};
/* End XCBuildConfiguration section */

/* Begin XCConfigurationList section */
		A3E902272D2996EC00F0E6F1 /* Build configuration list for PBXProject "App-Ios" */ = {
			isa = XCConfigurationList;
			buildConfigurations = (
				A3E902382D2996EE00F0E6F1 /* Debug */,
				A3E902392D2996EE00F0E6F1 /* Release */,
			);
			defaultConfigurationIsVisible = 0;
			defaultConfigurationName = Release;
		};
		A3E9023A2D2996EE00F0E6F1 /* Build configuration list for PBXNativeTarget "App-Ios" */ = {
			isa = XCConfigurationList;
			buildConfigurations = (
				A3E9023B2D2996EE00F0E6F1 /* Debug */,
				A3E9023C2D2996EE00F0E6F1 /* Release */,
			);
			defaultConfigurationIsVisible = 0;
			defaultConfigurationName = Release;
		};
/* End XCConfigurationList section */
	};
	rootObject = A3E902242D2996EC00F0E6F1 /* Project object */;
}
